
Microsoft Visual Studio Solution File, Format Version 11.00
# Visual Studio Version 17

Project("{8BC9CEB8-8B4A-11D0-8D11-00A0C91BC942}") = "EQ - Standalone Plugin", "EQ_StandalonePlugin.vcxproj", "{53C4D07F-5ABE-E6E6-BCF0-FD8884ABD241}"
	ProjectSection(ProjectDependencies) = postProject
		{3ED536CF-5502-2FEF-0BBC-650CD6C2F633} = {3ED536CF-5502-2FEF-0BBC-650CD6C2F633}
	EndProjectSection
EndProject
Project("{8BC9CEB8-8B4A-11D0-8D11-00A0C91BC942}") = "EQ - VST3", "EQ_VST3.vcxproj", "{0720C546-7239-4A6E-06D9-17B6C6E93599}"
	ProjectSection(ProjectDependencies) = postProject
		{3ED536CF-5502-2FEF-0BBC-650CD6C2F633} = {3ED536CF-5502-2FEF-0BBC-650CD6C2F633}
	EndProjectSection
EndProject
Project("{8BC9CEB8-8B4A-11D0-8D11-00A0C91BC942}") = "EQ - Shared Code", "EQ_SharedCode.vcxproj", "{3ED536CF-5502-2FEF-0BBC-650CD6C2F633}"
EndProject
Global
	GlobalSection(SolutionConfigurationPlatforms) = preSolution
		Debug|x64 = Debug|x64
		Release|x64 = Release|x64
	EndGlobalSection
	GlobalSection(ProjectConfigurationPlatforms) = postSolution
		{0720C546-7239-4A6E-06D9-17B6C6E93599}.Debug|x64.ActiveCfg = Debug|x64
		{0720C546-7239-4A6E-06D9-17B6C6E93599}.Debug|x64.Build.0 = Debug|x64
		{0720C546-7239-4A6E-06D9-17B6C6E93599}.Release|x64.ActiveCfg = Release|x64
		{0720C546-7239-4A6E-06D9-17B6C6E93599}.Release|x64.Build.0 = Release|x64
		{53C4D07F-5ABE-E6E6-BCF0-FD8884ABD241}.Debug|x64.ActiveCfg = Debug|x64
		{53C4D07F-5ABE-E6E6-BCF0-FD8884ABD241}.Debug|x64.Build.0 = Debug|x64
		{53C4D07F-5ABE-E6E6-BCF0-FD8884ABD241}.Release|x64.ActiveCfg = Release|x64
		{53C4D07F-5ABE-E6E6-BCF0-FD8884ABD241}.Release|x64.Build.0 = Release|x64
		{3ED536CF-5502-2FEF-0BBC-650CD6C2F633}.Debug|x64.ActiveCfg = Debug|x64
		{3ED536CF-5502-2FEF-0BBC-650CD6C2F633}.Debug|x64.Build.0 = Debug|x64
		{3ED536CF-5502-2FEF-0BBC-650CD6C2F633}.Release|x64.ActiveCfg = Release|x64
		{3ED536CF-5502-2FEF-0BBC-650CD6C2F633}.Release|x64.Build.0 = Release|x64
	EndGlobalSection
	GlobalSection(SolutionProperties) = preSolution
		HideSolutionNode = FALSE
	EndGlobalSection
EndGlobal
